
Microsoft Visual Studio Solution File, Format Version 12.00
# Visual Studio Version 16
VisualStudioVersion = 16.0.30503.244
MinimumVisualStudioVersion = 10.0.40219.1
Project("{FAE04EC0-301F-11D3-BF4B-00C04F79EFBC}") = "calculator", "calculator\calculator.csproj", "{370CDEDB-8730-4FE6-A625-91C012C716FF}"
EndProject
Global
	GlobalSection(SolutionConfigurationPlatforms) = preSolution
		Debug|Any CPU = Debug|Any CPU
		Release|Any CPU = Release|Any CPU
	EndGlobalSection
	GlobalSection(ProjectConfigurationPlatforms) = postSolution
		{370CDEDB-8730-4FE6-A625-91C012C716FF}.Debug|Any CPU.ActiveCfg = Debug|Any CPU
		{370CDEDB-8730-4FE6-A625-91C012C716FF}.Debug|Any CPU.Build.0 = Debug|Any CPU
		{370CDEDB-8730-4FE6-A625-91C012C716FF}.Release|Any CPU.ActiveCfg = Release|Any CPU
		{370CDEDB-8730-4FE6-A625-91C012C716FF}.Release|Any CPU.Build.0 = Release|Any CPU
	EndGlobalSection
	GlobalSection(SolutionProperties) = preSolution
		HideSolutionNode = FALSE
	EndGlobalSection
	GlobalSection(ExtensibilityGlobals) = postSolution
		SolutionGuid = {2ABC47CA-61CA-4E8C-97B0-54F8A94B852D}
	EndGlobalSection
EndGlobal
